PODS:
  - MJExtension (3.0.13)
  - OpenSSL (1.0.210)
  - ReactiveObjC (3.0.0)
  - YLT_BaseLib (0.0.4):
    - MJExtension (~> 3.0.13)
  - YLT_PJSip (0.0.2):
    - YLT_BaseLib
  - YLT_SIP (0.1.0):
    - OpenSSL
    - ReactiveObjC
    - YLT_BaseLib
    - YLT_PJSip

DEPENDENCIES:
  - YLT_SIP (from `../`)

EXTERNAL SOURCES:
  YLT_SIP:
    :path: ../

SPEC CHECKSUMS:
  MJExtension: 5932755f451458eefa24239358817f8d291240c7
  OpenSSL: 246ffb948e9d56466727fd318134af35f5aa764e
  ReactiveObjC: ce79989e8684b9086b5f8d0c74bc7b81a8729c9e
  YLT_BaseLib: 1ec42caab54e4574bcbb5eaff4933577dfd8f2eb
  YLT_PJSip: 9e5ea0f91066f0793ae8db0f729d67de361bb416
  YLT_SIP: 9111441af66031d79a8595f7ae9614e91df04dbd

PODFILE CHECKSUM: 08f8d8142d450dfa3ce43e1e8372064b592e219b

COCOAPODS: 1.4.0.beta.2
